
Microsoft Visual Studio Solution File, Format Version 12.00
# Visual Studio 15
VisualStudioVersion = 15.0.27703.2018
MinimumVisualStudioVersion = 10.0.40219.1
Project("{FAE04EC0-301F-11D3-BF4B-00C04F79EFBC}") = "FixMaxPrioritySalvage", "FixMaxPrioritySalvage\FixMaxPrioritySalvage.csproj", "{A7561372-F67A-4068-A211-6AA801FD6B3C}"
EndProject
Global
	GlobalSection(SolutionConfigurationPlatforms) = preSolution
		Debug|Any CPU = Debug|Any CPU
		Release|Any CPU = Release|Any CPU
	EndGlobalSection
	GlobalSection(ProjectConfigurationPlatforms) = postSolution
		{A7561372-F67A-4068-A211-6AA801FD6B3C}.Debug|Any CPU.ActiveCfg = Debug|Any CPU
		{A7561372-F67A-4068-A211-6AA801FD6B3C}.Debug|Any CPU.Build.0 = Debug|Any CPU
		{A7561372-F67A-4068-A211-6AA801FD6B3C}.Release|Any CPU.ActiveCfg = Release|Any CPU
		{A7561372-F67A-4068-A211-6AA801FD6B3C}.Release|Any CPU.Build.0 = Release|Any CPU
	EndGlobalSection
	GlobalSection(SolutionProperties) = preSolution
		HideSolutionNode = FALSE
	EndGlobalSection
	GlobalSection(ExtensibilityGlobals) = postSolution
		SolutionGuid = {5DD552F0-5A4F-489A-9E8D-3CAE3AC6EE61}
	EndGlobalSection
EndGlobal
